
Microsoft Visual Studio Solution File, Format Version 12.00
# Visual Studio Version 17
VisualStudioVersion = 17.8.34330.188
MinimumVisualStudioVersion = 10.0.40219.1
Project("{FAE04EC0-301F-11D3-BF4B-00C04F79EFBC}") = "lekcja4_Delegaty", "lekcja4_Delegaty\lekcja4_Delegaty.csproj", "{D46A0B64-87E2-4E36-AE14-E207FCF4D611}"
EndProject
Global
	GlobalSection(SolutionConfigurationPlatforms) = preSolution
		Debug|Any CPU = Debug|Any CPU
		Release|Any CPU = Release|Any CPU
	EndGlobalSection
	GlobalSection(ProjectConfigurationPlatforms) = postSolution
		{D46A0B64-87E2-4E36-AE14-E207FCF4D611}.Debug|Any CPU.ActiveCfg = Debug|Any CPU
		{D46A0B64-87E2-4E36-AE14-E207FCF4D611}.Debug|Any CPU.Build.0 = Debug|Any CPU
		{D46A0B64-87E2-4E36-AE14-E207FCF4D611}.Release|Any CPU.ActiveCfg = Release|Any CPU
		{D46A0B64-87E2-4E36-AE14-E207FCF4D611}.Release|Any CPU.Build.0 = Release|Any CPU
	EndGlobalSection
	GlobalSection(SolutionProperties) = preSolution
		HideSolutionNode = FALSE
	EndGlobalSection
	GlobalSection(ExtensibilityGlobals) = postSolution
		SolutionGuid = {2621DCC4-2244-411D-80CA-6FE070F5BB82}
	EndGlobalSection
EndGlobal
